
Microsoft Visual Studio Solution File, Format Version 12.00
# Visual Studio Version 17
VisualStudioVersion = 17.2.32505.173
MinimumVisualStudioVersion = 10.0.40219.1
Project("{E24C65DC-7377-472B-9ABA-BC803B73C61A}") = "ITMO.2022.ASP.net.lab.1", "ITMO.2022.ASP.net.lab.1\", "{E2847215-F33F-41B5-97C0-2290877189FC}"
	ProjectSection(WebsiteProperties) = preProject
		TargetFrameworkMoniker = ".NETFramework,Version%3Dv4.8"
		Debug.AspNetCompiler.VirtualPath = "/localhost_64181"
		Debug.AspNetCompiler.PhysicalPath = "ITMO.2022.ASP.net.lab.1\"
		Debug.AspNetCompiler.TargetPath = "PrecompiledWeb\localhost_64181\"
		Debug.AspNetCompiler.Updateable = "true"
		Debug.AspNetCompiler.ForceOverwrite = "true"
		Debug.AspNetCompiler.FixedNames = "false"
		Debug.AspNetCompiler.Debug = "True"
		Release.AspNetCompiler.VirtualPath = "/localhost_64181"
		Release.AspNetCompiler.PhysicalPath = "ITMO.2022.ASP.net.lab.1\"
		Release.AspNetCompiler.TargetPath = "PrecompiledWeb\localhost_64181\"
		Release.AspNetCompiler.Updateable = "true"
		Release.AspNetCompiler.ForceOverwrite = "true"
		Release.AspNetCompiler.FixedNames = "false"
		Release.AspNetCompiler.Debug = "False"
		VWDPort = "64181"
		DefaultWebSiteLanguage = "Visual C#"
	EndProjectSection
EndProject
Global
	GlobalSection(SolutionConfigurationPlatforms) = preSolution
		Debug|Any CPU = Debug|Any CPU
	EndGlobalSection
	GlobalSection(ProjectConfigurationPlatforms) = postSolution
		{E2847215-F33F-41B5-97C0-2290877189FC}.Debug|Any CPU.ActiveCfg = Debug|Any CPU
		{E2847215-F33F-41B5-97C0-2290877189FC}.Debug|Any CPU.Build.0 = Debug|Any CPU
	EndGlobalSection
	GlobalSection(SolutionProperties) = preSolution
		HideSolutionNode = FALSE
	EndGlobalSection
	GlobalSection(ExtensibilityGlobals) = postSolution
		SolutionGuid = {7BA75239-0C86-46E5-A1A6-2311E606A4BD}
	EndGlobalSection
EndGlobal
